
Microsoft Visual Studio Solution File, Format Version 12.00
# Visual Studio Version 17
VisualStudioVersion = 17.1.32421.90
MinimumVisualStudioVersion = 10.0.40219.1
Project("{2150E333-8FDC-42A3-9474-1A3956D46DE8}") = "Service", "Service", "{CD4BE9D3-ACEF-4CDF-BE8E-B46B946F3ECF}"
EndProject
Project("{9A19103F-16F7-4668-BE54-9A1E7A4F7556}") = "Capta-Teste.Customer.Api", "Capta-Teste.Customer.Api\Capta-Teste.Customer.Api.csproj", "{AB8ED533-CC0F-41B2-B44E-2DAA1705DE8E}"
EndProject
Project("{2150E333-8FDC-42A3-9474-1A3956D46DE8}") = "UI", "UI", "{87C754B1-B61A-4DF1-9644-5A10029CF118}"
EndProject
Project("{FAE04EC0-301F-11D3-BF4B-00C04F79EFBC}") = "Capta-Test.Customer.UI", "Capta-Test.Customer.UI\Capta-Test.Customer.UI.csproj", "{5427A607-C19D-4C96-ABE0-A45E4CEF2A48}"
EndProject
Global
	GlobalSection(SolutionConfigurationPlatforms) = preSolution
		Debug|Any CPU = Debug|Any CPU
		Release|Any CPU = Release|Any CPU
	EndGlobalSection
	GlobalSection(ProjectConfigurationPlatforms) = postSolution
		{AB8ED533-CC0F-41B2-B44E-2DAA1705DE8E}.Debug|Any CPU.ActiveCfg = Debug|Any CPU
		{AB8ED533-CC0F-41B2-B44E-2DAA1705DE8E}.Debug|Any CPU.Build.0 = Debug|Any CPU
		{AB8ED533-CC0F-41B2-B44E-2DAA1705DE8E}.Release|Any CPU.ActiveCfg = Release|Any CPU
		{AB8ED533-CC0F-41B2-B44E-2DAA1705DE8E}.Release|Any CPU.Build.0 = Release|Any CPU
		{5427A607-C19D-4C96-ABE0-A45E4CEF2A48}.Debug|Any CPU.ActiveCfg = Debug|Any CPU
		{5427A607-C19D-4C96-ABE0-A45E4CEF2A48}.Debug|Any CPU.Build.0 = Debug|Any CPU
		{5427A607-C19D-4C96-ABE0-A45E4CEF2A48}.Release|Any CPU.ActiveCfg = Release|Any CPU
		{5427A607-C19D-4C96-ABE0-A45E4CEF2A48}.Release|Any CPU.Build.0 = Release|Any CPU
	EndGlobalSection
	GlobalSection(SolutionProperties) = preSolution
		HideSolutionNode = FALSE
	EndGlobalSection
	GlobalSection(NestedProjects) = preSolution
		{AB8ED533-CC0F-41B2-B44E-2DAA1705DE8E} = {CD4BE9D3-ACEF-4CDF-BE8E-B46B946F3ECF}
		{5427A607-C19D-4C96-ABE0-A45E4CEF2A48} = {87C754B1-B61A-4DF1-9644-5A10029CF118}
	EndGlobalSection
	GlobalSection(ExtensibilityGlobals) = postSolution
		SolutionGuid = {4D1E5E07-2372-4F88-A824-92D41D2AEA00}
	EndGlobalSection
EndGlobal
